
Microsoft Visual Studio Solution File, Format Version 12.00
# Visual Studio Version 16
VisualStudioVersion = 16.0.31911.196
MinimumVisualStudioVersion = 10.0.40219.1
Project("{FAE04EC0-301F-11D3-BF4B-00C04F79EFBC}") = "HandsOnLinq", "HandsOnLinq\HandsOnLinq.csproj", "{59244230-329B-4150-99AF-FFF059E3F695}"
EndProject
Global
	GlobalSection(SolutionConfigurationPlatforms) = preSolution
		Debug|Any CPU = Debug|Any CPU
		Release|Any CPU = Release|Any CPU
	EndGlobalSection
	GlobalSection(ProjectConfigurationPlatforms) = postSolution
		{59244230-329B-4150-99AF-FFF059E3F695}.Debug|Any CPU.ActiveCfg = Debug|Any CPU
		{59244230-329B-4150-99AF-FFF059E3F695}.Debug|Any CPU.Build.0 = Debug|Any CPU
		{59244230-329B-4150-99AF-FFF059E3F695}.Release|Any CPU.ActiveCfg = Release|Any CPU
		{59244230-329B-4150-99AF-FFF059E3F695}.Release|Any CPU.Build.0 = Release|Any CPU
	EndGlobalSection
	GlobalSection(SolutionProperties) = preSolution
		HideSolutionNode = FALSE
	EndGlobalSection
	GlobalSection(ExtensibilityGlobals) = postSolution
		SolutionGuid = {F31D803B-BC2B-464E-8D22-BF278F01B436}
	EndGlobalSection
EndGlobal
