
Microsoft Visual Studio Solution File, Format Version 12.00
# Visual Studio Version 16
VisualStudioVersion = 16.0.31911.196
MinimumVisualStudioVersion = 10.0.40219.1
Project("{FAE04EC0-301F-11D3-BF4B-00C04F79EFBC}") = "HandsOnEFCoreDBFirst-Demo2", "HandsOnEFCoreDBFirst-Demo2.csproj", "{56031D3F-7E85-429E-A7E4-E69E89371A21}"
EndProject
Global
	GlobalSection(SolutionConfigurationPlatforms) = preSolution
		Debug|Any CPU = Debug|Any CPU
		Release|Any CPU = Release|Any CPU
	EndGlobalSection
	GlobalSection(ProjectConfigurationPlatforms) = postSolution
		{56031D3F-7E85-429E-A7E4-E69E89371A21}.Debug|Any CPU.ActiveCfg = Debug|Any CPU
		{56031D3F-7E85-429E-A7E4-E69E89371A21}.Debug|Any CPU.Build.0 = Debug|Any CPU
		{56031D3F-7E85-429E-A7E4-E69E89371A21}.Release|Any CPU.ActiveCfg = Release|Any CPU
		{56031D3F-7E85-429E-A7E4-E69E89371A21}.Release|Any CPU.Build.0 = Release|Any CPU
	EndGlobalSection
	GlobalSection(SolutionProperties) = preSolution
		HideSolutionNode = FALSE
	EndGlobalSection
	GlobalSection(ExtensibilityGlobals) = postSolution
		SolutionGuid = {AF2BD6C3-B9CF-4379-903E-61BAB268778B}
	EndGlobalSection
EndGlobal
